// !$*UTF8*$!
{
	archiveVersion = 1;
	classes = {
	};
	objectVersion = 46;
	objects = {

/* Begin PBXBuildFile section */
		AE7AE7FB1EB74D4D00930004 /* AppDelegate.swift in Sources */ = {isa = PBXBuildFile; fileRef = AE7AE7FA1EB74D4D00930004 /* AppDelegate.swift */; };
		AE7AE7FD1EB74D4D00930004 /* ViewController.swift in Sources */ = {isa = PBXBuildFile; fileRef = AE7AE7FC1EB74D4D00930004 /* ViewController.swift */; };
		AE7AE8001EB74D4D00930004 /* Main.storyboard in Resources */ = {isa = PBXBuildFile; fileRef = AE7AE7FE1EB74D4D00930004 /* Main.storyboard */; };
		AE7AE8021EB74D4D00930004 /* Assets.xcassets in Resources */ = {isa = PBXBuildFile; fileRef = AE7AE8011EB74D4D00930004 /* Assets.xcassets */; };
		AE7AE8051EB74D4D00930004 /* LaunchScreen.storyboard in Resources */ = {isa = PBXBuildFile; fileRef = AE7AE8031EB74D4D00930004 /* LaunchScreen.storyboard */; };
/* End PBXBuildFile section */

/* Begin PBXFileReference section */
		AE7AE7F71EB74D4D00930004 /* Proximity.app */ = {isa = PBXFileReference; explicitFileType = wrapper.application; includeInIndex = 0; path = Proximity.app; sourceTree = BUILT_PRODUCTS_DIR; };
		AE7AE7FA1EB74D4D00930004 /* AppDelegate.swift */ = {isa = PBXFileReference; lastKnownFileType = sourcecode.swift; path = AppDelegate.swift; sourceTree = "<group>"; };
		AE7AE7FC1EB74D4D00930004 /* ViewController.swift */ = {isa = PBXFileReference; lastKnownFileType = sourcecode.swift; path = ViewController.swift; sourceTree = "<group>"; };
		AE7AE7FF1EB74D4D00930004 /* Base */ = {isa = PBXFileReference; lastKnownFileType = file.storyboard; name = Base; path = Base.lproj/Main.storyboard; sourceTree = "<group>"; };
		AE7AE8011EB74D4D00930004 /* Assets.xcassets */ = {isa = PBXFileReference; lastKnownFileType = folder.assetcatalog; path = Assets.xcassets; sourceTree = "<group>"; };
		AE7AE8041EB74D4D00930004 /* Base */ = {isa = PBXFileReference; lastKnownFileType = file.storyboard; name = Base; path = Base.lproj/LaunchScreen.storyboard; sourceTree = "<group>"; };
		AE7AE8061EB74D4D00930004 /* Info.plist */ = {isa = PBXFileReference; lastKnownFileType = text.plist.xml; path = Info.plist; sourceTree = "<group>"; };
/* End PBXFileReference section */

/* Begin PBXFrameworksBuildPhase section */
		AE7AE7F41EB74D4D00930004 /* Frameworks */ = {
			isa = PBXFrameworksBuildPhase;
			buildActionMask = 2147483647;
			files = (
			);
			runOnlyForDeploymentPostprocessing = 0;
		};
/* End PBXFrameworksBuildPhase section */

/* Begin PBXGroup section */
		AE7AE7EE1EB74D4D00930004 = {
			isa = PBXGroup;
			children = (
				AE7AE7F91EB74D4D00930004 /* Proximity */,
				AE7AE7F81EB74D4D00930004 /* Products */,
			);
			sourceTree = "<group>";
		};
		AE7AE7F81EB74D4D00930004 /* Products */ = {
			isa = PBXGroup;
			children = (
				AE7AE7F71EB74D4D00930004 /* Proximity.app */,
			);
			name = Products;
			sourceTree = "<group>";
		};
		AE7AE7F91EB74D4D00930004 /* Proximity */ = {
			isa = PBXGroup;
			children = (
				AE7AE7FA1EB74D4D00930004 /* AppDelegate.swift */,
				AE7AE7FC1EB74D4D00930004 /* ViewController.swift */,
				AE7AE7FE1EB74D4D00930004 /* Main.storyboard */,
				AE7AE8011EB74D4D00930004 /* Assets.xcassets */,
				AE7AE8031EB74D4D00930004 /* LaunchScreen.storyboard */,
				AE7AE8061EB74D4D00930004 /* Info.plist */,
			);
			path = Proximity;
			sourceTree = "<group>";
		};
/* End PBXGroup section */

/* Begin PBXNativeTarget section */
		AE7AE7F61EB74D4D00930004 /* Proximity */ = {
			isa = PBXNativeTarget;
			buildConfigurationList = AE7AE8091EB74D4D00930004 /* Build configuration list for PBXNativeTarget "Proximity" */;
			buildPhases = (
				AE7AE7F31EB74D4D00930004 /* Sources */,
				AE7AE7F41EB74D4D00930004 /* Frameworks */,
				AE7AE7F51EB74D4D00930004 /* Resources */,
			);
			buildRules = (
			);
			dependencies = (
			);
			name = Proximity;
			productName = Proximity;
			productReference = AE7AE7F71EB74D4D00930004 /* Proximity.app */;
			productType = "com.apple.product-type.application";
		};
/* End PBXNativeTarget section */

/* Begin PBXProject section */
		AE7AE7EF1EB74D4D00930004 /* Project object */ = {
			isa = PBXProject;
			attributes = {
				LastSwiftUpdateCheck = 0820;
				LastUpgradeCheck = 0820;
				ORGANIZATIONNAME = wtfcompany;
				TargetAttributes = {
					AE7AE7F61EB74D4D00930004 = {
						CreatedOnToolsVersion = 8.2.1;
						ProvisioningStyle = Automatic;
					};
				};
			};
			buildConfigurationList = AE7AE7F21EB74D4D00930004 /* Build configuration list for PBXProject "Proximity" */;
			compatibilityVersion = "Xcode 3.2";
			developmentRegion = English;
			hasScannedForEncodings = 0;
			knownRegions = (
				en,
				Base,
			);
			mainGroup = AE7AE7EE1EB74D4D00930004;
			productRefGroup = AE7AE7F81EB74D4D00930004 /* Products */;
			projectDirPath = "";
			projectRoot = "";
			targets = (
				AE7AE7F61EB74D4D00930004 /* Proximity */,
			);
		};
/* End PBXProject section */

/* Begin PBXResourcesBuildPhase section */
		AE7AE7F51EB74D4D00930004 /* Resources */ = {
			isa = PBXResourcesBuildPhase;
			buildActionMask = 2147483647;
			files = (
				AE7AE8051EB74D4D00930004 /* LaunchScreen.storyboard in Resources */,
				AE7AE8021EB74D4D00930004 /* Assets.xcassets in Resources */,
				AE7AE8001EB74D4D00930004 /* Main.storyboard in Resources */,
			);
			runOnlyForDeploymentPostprocessing = 0;
		};
/* End PBXResourcesBuildPhase section */

/* Begin PBXSourcesBuildPhase section */
		AE7AE7F31EB74D4D00930004 /* Sources */ = {
			isa = PBXSourcesBuildPhase;
			buildActionMask = 2147483647;
			files = (
				AE7AE7FD1EB74D4D00930004 /* ViewController.swift in Sources */,
				AE7AE7FB1EB74D4D00930004 /* AppDelegate.swift in Sources */,
			);
			runOnlyForDeploymentPostprocessing = 0;
		};
/* End PBXSourcesBuildPhase section */

/* Begin PBXVariantGroup section */
		AE7AE7FE1EB74D4D00930004 /* Main.storyboard */ = {
			isa = PBXVariantGroup;
			children = (
				AE7AE7FF1EB74D4D00930004 /* Base */,
			);
			name = Main.storyboard;
			sourceTree = "<group>";
		};
		AE7AE8031EB74D4D00930004 /* LaunchScreen.storyboard */ = {
			isa = PBXVariantGroup;
			children = (
				AE7AE8041EB74D4D00930004 /* Base */,
			);
			name = LaunchScreen.storyboard;
			sourceTree = "<group>";
		};
/* End PBXVariantGroup section */

/* Begin XCBuildConfiguration section */
		AE7AE8071EB74D4D00930004 /* Debug */ = {
			isa = XCBuildConfiguration;
			buildSettings = {
				ALWAYS_SEARCH_USER_PATHS = NO;
				CLANG_ANALYZER_NONNULL = YES;
				CLANG_CXX_LANGUAGE_STANDARD = "gnu++0x";
				CLANG_CXX_LIBRARY = "libc++";
				CLANG_ENABLE_MODULES = YES;
				CLANG_ENABLE_OBJC_ARC = YES;
				CLANG_WARN_BOOL_CONVERSION = YES;
				CLANG_WARN_CONSTANT_CONVERSION = YES;
				CLANG_WARN_DIRECT_OBJC_ISA_USAGE = YES_ERROR;
				CLANG_WARN_DOCUMENTATION_COMMENTS = YES;
				CLANG_WARN_EMPTY_BODY = YES;
				CLANG_WARN_ENUM_CONVERSION = YES;
				CLANG_WARN_INFINITE_RECURSION = YES;
				CLANG_WARN_INT_CONVERSION = YES;
				CLANG_WARN_OBJC_ROOT_CLASS = YES_ERROR;
				CLANG_WARN_SUSPICIOUS_MOVE = YES;
				CLANG_WARN_UNREACHABLE_CODE = YES;
				CLANG_WARN__DUPLICATE_METHOD_MATCH = YES;
				"CODE_SIGN_IDENTITY[sdk=iphoneos*]" = "iPhone Developer";
				COPY_PHASE_STRIP = NO;
				DEBUG_INFORMATION_FORMAT = dwarf;
				ENABLE_STRICT_OBJC_MSGSEND = YES;
				ENABLE_TESTABILITY = YES;
				GCC_C_LANGUAGE_STANDARD = gnu99;
				GCC_DYNAMIC_NO_PIC = NO;
				GCC_NO_COMMON_BLOCKS = YES;
				GCC_OPTIMIZATION_LEVEL = 0;
				GCC_PREPROCESSOR_DEFINITIONS = (
					"DEBUG=1",
					"$(inherited)",
				);
				GCC_WARN_64_TO_32_BIT_CONVERSION = YES;
				GCC_WARN_ABOUT_RETURN_TYPE = YES_ERROR;
				GCC_WARN_UNDECLARED_SELECTOR = YES;
				GCC_WARN_UNINITIALIZED_AUTOS = YES_AGGRESSIVE;
				GCC_WARN_UNUSED_FUNCTION = YES;
				GCC_WARN_UNUSED_VARIABLE = YES;
				IPHONEOS_DEPLOYMENT_TARGET = 10.2;
				MTL_ENABLE_DEBUG_INFO = YES;
				ONLY_ACTIVE_ARCH = YES;
				SDKROOT = iphoneos;
				SWIFT_ACTIVE_COMPILATION_CONDITIONS = DEBUG;
				SWIFT_OPTIMIZATION_LEVEL = "-Onone";
			};
			name = Debug;
		};
		AE7AE8081EB74D4D00930004 /* Release */ = {
			isa = XCBuildConfiguration;
			buildSettings = {
				ALWAYS_SEARCH_USER_PATHS = NO;
				CLANG_ANALYZER_NONNULL = YES;
				CLANG_CXX_LANGUAGE_STANDARD = "gnu++0x";
				CLANG_CXX_LIBRARY = "libc++";
				CLANG_ENABLE_MODULES = YES;
				CLANG_ENABLE_OBJC_ARC = YES;
				CLANG_WARN_BOOL_CONVERSION = YES;
				CLANG_WARN_CONSTANT_CONVERSION = YES;
				CLANG_WARN_DIRECT_OBJC_ISA_USAGE = YES_ERROR;
				CLANG_WARN_DOCUMENTATION_COMMENTS = YES;
				CLANG_WARN_EMPTY_BODY = YES;
				CLANG_WARN_ENUM_CONVERSION = YES;
				CLANG_WARN_INFINITE_RECURSION = YES;
				CLANG_WARN_INT_CONVERSION = YES;
				CLANG_WARN_OBJC_ROOT_CLASS = YES_ERROR;
				CLANG_WARN_SUSPICIOUS_MOVE = YES;
				CLANG_WARN_UNREACHABLE_CODE = YES;
				CLANG_WARN__DUPLICATE_METHOD_MATCH = YES;
				"CODE_SIGN_IDENTITY[sdk=iphoneos*]" = "iPhone Developer";
				COPY_PHASE_STRIP = NO;
				DEBUG_INFORMATION_FORMAT = "dwarf-with-dsym";
				ENABLE_NS_ASSERTIONS = NO;
				ENABLE_STRICT_OBJC_MSGSEND = YES;
				GCC_C_LANGUAGE_STANDARD = gnu99;
				GCC_NO_COMMON_BLOCKS = YES;
				GCC_WARN_64_TO_32_BIT_CONVERSION = YES;
				GCC_WARN_ABOUT_RETURN_TYPE = YES_ERROR;
				GCC_WARN_UNDECLARED_SELECTOR = YES;
				GCC_WARN_UNINITIALIZED_AUTOS = YES_AGGRESSIVE;
				GCC_WARN_UNUSED_FUNCTION = YES;
				GCC_WARN_UNUSED_VARIABLE = YES;
				IPHONEOS_DEPLOYMENT_TARGET = 10.2;
				MTL_ENABLE_DEBUG_INFO = NO;
				SDKROOT = iphoneos;
				SWIFT_OPTIMIZATION_LEVEL = "-Owholemodule";
				VALIDATE_PRODUCT = YES;
			};
			name = Release;
		};
		AE7AE80A1EB74D4D00930004 /* Debug */ = {
			isa = XCBuildConfiguration;
			buildSettings = {
				ASSETCATALOG_COMPILER_APPICON_NAME = AppIcon;
				INFOPLIST_FILE = Proximity/Info.plist;
				LD_RUNPATH_SEARCH_PATHS = "$(inherited) @executable_path/Frameworks";
				PRODUCT_BUNDLE_IDENTIFIER = com.wtf.company.Proximity;
				PRODUCT_NAME = "$(TARGET_NAME)";
				SWIFT_VERSION = 3.0;
			};
			name = Debug;
		};
		AE7AE80B1EB74D4D00930004 /* Release */ = {
			isa = XCBuildConfiguration;
			buildSettings = {
				ASSETCATALOG_COMPILER_APPICON_NAME = AppIcon;
				INFOPLIST_FILE = Proximity/Info.plist;
				LD_RUNPATH_SEARCH_PATHS = "$(inherited) @executable_path/Frameworks";
				PRODUCT_BUNDLE_IDENTIFIER = com.wtf.company.Proximity;
				PRODUCT_NAME = "$(TARGET_NAME)";
				SWIFT_VERSION = 3.0;
			};
			name = Release;
		};
/* End XCBuildConfiguration section */

/* Begin XCConfigurationList section */
		AE7AE7F21EB74D4D00930004 /* Build configuration list for PBXProject "Proximity" */ = {
			isa = XCConfigurationList;
			buildConfigurations = (
				AE7AE8071EB74D4D00930004 /* Debug */,
				AE7AE8081EB74D4D00930004 /* Release */,
			);
			defaultConfigurationIsVisible = 0;
			defaultConfigurationName = Release;
		};
		AE7AE8091EB74D4D00930004 /* Build configuration list for PBXNativeTarget "Proximity" */ = {
			isa = XCConfigurationList;
			buildConfigurations = (
				AE7AE80A1EB74D4D00930004 /* Debug */,
				AE7AE80B1EB74D4D00930004 /* Release */,
			);
			defaultConfigurationIsVisible = 0;
		};
/* End XCConfigurationList section */
	};
	rootObject = AE7AE7EF1EB74D4D00930004 /* Project object */;
}
